
Microsoft Visual Studio Solution File, Format Version 12.00
# Visual Studio Version 16
VisualStudioVersion = 16.0.31829.152
MinimumVisualStudioVersion = 10.0.40219.1
Project("{9A19103F-16F7-4668-BE54-9A1E7A4F7556}") = "Domain", "Domain\Domain.csproj", "{1B440921-D35B-4986-AB0D-A6216E01ACE0}"
EndProject
Project("{9A19103F-16F7-4668-BE54-9A1E7A4F7556}") = "Data", "Data\Data.csproj", "{5FDAB974-B247-49F8-8E28-CF18A4A2E62B}"
EndProject
Project("{9A19103F-16F7-4668-BE54-9A1E7A4F7556}") = "IoC", "IoC\IoC.csproj", "{79A377B7-AFD5-4163-9A24-9CC462174EA4}"
EndProject
Project("{9A19103F-16F7-4668-BE54-9A1E7A4F7556}") = "Application", "Application\Application.csproj", "{F6596E7D-CA51-4FC7-94A9-936AF786E686}"
EndProject
Project("{9A19103F-16F7-4668-BE54-9A1E7A4F7556}") = "MVC", "MVC\MVC.csproj", "{C95BC06F-E39B-4ACF-9949-A29A354CC3DD}"
EndProject
Global
	GlobalSection(SolutionConfigurationPlatforms) = preSolution
		Debug|Any CPU = Debug|Any CPU
		Release|Any CPU = Release|Any CPU
	EndGlobalSection
	GlobalSection(ProjectConfigurationPlatforms) = postSolution
		{1B440921-D35B-4986-AB0D-A6216E01ACE0}.Debug|Any CPU.ActiveCfg = Debug|Any CPU
		{1B440921-D35B-4986-AB0D-A6216E01ACE0}.Debug|Any CPU.Build.0 = Debug|Any CPU
		{1B440921-D35B-4986-AB0D-A6216E01ACE0}.Release|Any CPU.ActiveCfg = Release|Any CPU
		{1B440921-D35B-4986-AB0D-A6216E01ACE0}.Release|Any CPU.Build.0 = Release|Any CPU
		{5FDAB974-B247-49F8-8E28-CF18A4A2E62B}.Debug|Any CPU.ActiveCfg = Debug|Any CPU
		{5FDAB974-B247-49F8-8E28-CF18A4A2E62B}.Debug|Any CPU.Build.0 = Debug|Any CPU
		{5FDAB974-B247-49F8-8E28-CF18A4A2E62B}.Release|Any CPU.ActiveCfg = Release|Any CPU
		{5FDAB974-B247-49F8-8E28-CF18A4A2E62B}.Release|Any CPU.Build.0 = Release|Any CPU
		{79A377B7-AFD5-4163-9A24-9CC462174EA4}.Debug|Any CPU.ActiveCfg = Debug|Any CPU
		{79A377B7-AFD5-4163-9A24-9CC462174EA4}.Debug|Any CPU.Build.0 = Debug|Any CPU
		{79A377B7-AFD5-4163-9A24-9CC462174EA4}.Release|Any CPU.ActiveCfg = Release|Any CPU
		{79A377B7-AFD5-4163-9A24-9CC462174EA4}.Release|Any CPU.Build.0 = Release|Any CPU
		{F6596E7D-CA51-4FC7-94A9-936AF786E686}.Debug|Any CPU.ActiveCfg = Debug|Any CPU
		{F6596E7D-CA51-4FC7-94A9-936AF786E686}.Debug|Any CPU.Build.0 = Debug|Any CPU
		{F6596E7D-CA51-4FC7-94A9-936AF786E686}.Release|Any CPU.ActiveCfg = Release|Any CPU
		{F6596E7D-CA51-4FC7-94A9-936AF786E686}.Release|Any CPU.Build.0 = Release|Any CPU
		{C95BC06F-E39B-4ACF-9949-A29A354CC3DD}.Debug|Any CPU.ActiveCfg = Debug|Any CPU
		{C95BC06F-E39B-4ACF-9949-A29A354CC3DD}.Debug|Any CPU.Build.0 = Debug|Any CPU
		{C95BC06F-E39B-4ACF-9949-A29A354CC3DD}.Release|Any CPU.ActiveCfg = Release|Any CPU
		{C95BC06F-E39B-4ACF-9949-A29A354CC3DD}.Release|Any CPU.Build.0 = Release|Any CPU
	EndGlobalSection
	GlobalSection(SolutionProperties) = preSolution
		HideSolutionNode = FALSE
	EndGlobalSection
	GlobalSection(ExtensibilityGlobals) = postSolution
		SolutionGuid = {ED3538FF-8973-425D-9FD3-BF5FEAC9A5CF}
	EndGlobalSection
EndGlobal
